PODS:
  - ODREurobet (0.1.0):
    - SSZipArchive
  - SSZipArchive (2.2.3)

DEPENDENCIES:
  - ODREurobet (from `../`)
  - SSZipArchive

SPEC REPOS:
  trunk:
    - SSZipArchive

EXTERNAL SOURCES:
  ODREurobet:
    :path: "../"

SPEC CHECKSUMS:
  ODREurobet: f4cd88fe49ffadaee909a346668f368164172e3f
  SSZipArchive: 62d4947b08730e4cda640473b0066d209ff033c9

PODFILE CHECKSUM: 59dc6f70d12aa6d474dab566a1af9b1961ee8a81

COCOAPODS: 1.10.1
